PODS:
  - Alamofire (3.2.0)
  - AlecrimCoreData (4.0.6)
  - IQKeyboardManagerSwift (3.3.7)
  - SwiftyJSON (2.3.2)

DEPENDENCIES:
  - Alamofire
  - AlecrimCoreData (~> 4.0.3)
  - IQKeyboardManagerSwift
  - SwiftyJSON (from `https://github.com/SwiftyJSON/SwiftyJSON.git`)

EXTERNAL SOURCES:
  SwiftyJSON:
    :git: https://github.com/SwiftyJSON/SwiftyJSON.git

CHECKOUT OPTIONS:
  SwiftyJSON:
    :commit: 42bdb102d2624b143c07850ebdc1537d5b6579b6
    :git: https://github.com/SwiftyJSON/SwiftyJSON.git

SPEC CHECKSUMS:
  Alamofire: 4da478599fccddff361205c8929333d7fe18dceb
  AlecrimCoreData: 462b706287fd95fc777e776bb13fa76e0fc1e2a9
  IQKeyboardManagerSwift: 7d06186460470f3f7e767630861a1303980ee5cf
  SwiftyJSON: 04ccea08915aa0109039157c7974cf0298da292a

COCOAPODS: 0.39.0
