PODS:
  - Alamofire (3.1.4)
  - IQKeyboardManagerSwift (3.3.5)

DEPENDENCIES:
  - Alamofire
  - IQKeyboardManagerSwift

SPEC CHECKSUMS:
  Alamofire: fbc829692f351fa1d8a31dd75fd7f7f56fea31fb
  IQKeyboardManagerSwift: 17f1ebf3fe07f7905369c6dca2da1051b6fea805

PODFILE CHECKSUM: 30e6bda849bfb09d8076605a30813317cb1e5ecf

COCOAPODS: 1.0.0.beta.2
