// !$*UTF8*$!
{
	archiveVersion = 1;
	classes = {
	};
	objectVersion = 46;
	objects = {

/* Begin PBXBuildFile section */
		54D809AA1C3BD72590588DD4 /* Pods_thriftifyUITests.framework in Frameworks */ = {isa = PBXBuildFile; fileRef = 1E0C084722DD8AB7E72BEC67 /* Pods_thriftifyUITests.framework */; };
		672C19981C47D1EF00A9744F /* AppDelegate.swift in Sources */ = {isa = PBXBuildFile; fileRef = 672C19971C47D1EF00A9744F /* AppDelegate.swift */; };
		672C199A1C47D1EF00A9744F /* TFTransactionsViewController.swift in Sources */ = {isa = PBXBuildFile; fileRef = 672C19991C47D1EF00A9744F /* TFTransactionsViewController.swift */; };
		672C199D1C47D1EF00A9744F /* Main.storyboard in Resources */ = {isa = PBXBuildFile; fileRef = 672C199B1C47D1EF00A9744F /* Main.storyboard */; };
		672C19A01C47D1EF00A9744F /* thriftify.xcdatamodeld in Sources */ = {isa = PBXBuildFile; fileRef = 672C199E1C47D1EF00A9744F /* thriftify.xcdatamodeld */; };
		672C19A21C47D1EF00A9744F /* Assets.xcassets in Resources */ = {isa = PBXBuildFile; fileRef = 672C19A11C47D1EF00A9744F /* Assets.xcassets */; };
		672C19A51C47D1EF00A9744F /* LaunchScreen.storyboard in Resources */ = {isa = PBXBuildFile; fileRef = 672C19A31C47D1EF00A9744F /* LaunchScreen.storyboard */; };
		672C19B01C47D1EF00A9744F /* thriftifyTests.swift in Sources */ = {isa = PBXBuildFile; fileRef = 672C19AF1C47D1EF00A9744F /* thriftifyTests.swift */; };
		672C19BB1C47D1EF00A9744F /* thriftifyUITests.swift in Sources */ = {isa = PBXBuildFile; fileRef = 672C19BA1C47D1EF00A9744F /* thriftifyUITests.swift */; };
		672C19D01C47E19C00A9744F /* Fabric.framework in Frameworks */ = {isa = PBXBuildFile; fileRef = 672C19CE1C47E19C00A9744F /* Fabric.framework */; };
		672C19D11C47E19C00A9744F /* Crashlytics.framework in Frameworks */ = {isa = PBXBuildFile; fileRef = 672C19CF1C47E19C00A9744F /* Crashlytics.framework */; };
		672C19F31C4C2FFC00A9744F /* TransactionTableViewCell.swift in Sources */ = {isa = PBXBuildFile; fileRef = 672C19F21C4C2FFC00A9744F /* TransactionTableViewCell.swift */; };
		672C19FD1C4ED28400A9744F /* TFCategory.generated.swift in Sources */ = {isa = PBXBuildFile; fileRef = 672C19F51C4ED28400A9744F /* TFCategory.generated.swift */; };
		672C19FE1C4ED28400A9744F /* TFCategory.swift in Sources */ = {isa = PBXBuildFile; fileRef = 672C19F61C4ED28400A9744F /* TFCategory.swift */; };
		672C19FF1C4ED28400A9744F /* TFCurrency.generated.swift in Sources */ = {isa = PBXBuildFile; fileRef = 672C19F71C4ED28400A9744F /* TFCurrency.generated.swift */; };
		672C1A001C4ED28400A9744F /* TFCurrency.swift in Sources */ = {isa = PBXBuildFile; fileRef = 672C19F81C4ED28400A9744F /* TFCurrency.swift */; };
		672C1A011C4ED28400A9744F /* TFRecipient.generated.swift in Sources */ = {isa = PBXBuildFile; fileRef = 672C19F91C4ED28400A9744F /* TFRecipient.generated.swift */; };
		672C1A021C4ED28400A9744F /* TFRecipient.swift in Sources */ = {isa = PBXBuildFile; fileRef = 672C19FA1C4ED28400A9744F /* TFRecipient.swift */; };
		672C1A031C4ED28400A9744F /* TFTransaction.generated.swift in Sources */ = {isa = PBXBuildFile; fileRef = 672C19FB1C4ED28400A9744F /* TFTransaction.generated.swift */; };
		672C1A041C4ED28400A9744F /* TFTransaction.swift in Sources */ = {isa = PBXBuildFile; fileRef = 672C19FC1C4ED28400A9744F /* TFTransaction.swift */; };
		672C1A461C50EB5F00A9744F /* TFCoredataManager.swift in Sources */ = {isa = PBXBuildFile; fileRef = 672C1A451C50EB5F00A9744F /* TFCoredataManager.swift */; };
		672C1A481C51037B00A9744F /* TFCard.generated.swift in Sources */ = {isa = PBXBuildFile; fileRef = 672C1A471C51037B00A9744F /* TFCard.generated.swift */; };
		672C1A4A1C51038300A9744F /* TFCard.swift in Sources */ = {isa = PBXBuildFile; fileRef = 672C1A491C51038300A9744F /* TFCard.swift */; };
		672C1A4C1C5104DD00A9744F /* TFServerManager.swift in Sources */ = {isa = PBXBuildFile; fileRef = 672C1A4B1C5104DD00A9744F /* TFServerManager.swift */; };
		672C1A4E1C5259A800A9744F /* TransactionsAbvancedViewController.swift in Sources */ = {isa = PBXBuildFile; fileRef = 672C1A4D1C5259A800A9744F /* TransactionsAbvancedViewController.swift */; };
		674739981C608EDF00635799 /* TFAppAppearance.swift in Sources */ = {isa = PBXBuildFile; fileRef = 674739971C608EDF00635799 /* TFAppAppearance.swift */; };
		6747399A1C60ADFA00635799 /* MonthCategoryCell.swift in Sources */ = {isa = PBXBuildFile; fileRef = 674739991C60ADFA00635799 /* MonthCategoryCell.swift */; };
		BAA69CF51C6D1CD4004361EB /* DCPathButton.m in Sources */ = {isa = PBXBuildFile; fileRef = BAA69CEE1C6D1CD4004361EB /* DCPathButton.m */; };
		BAA69CF61C6D1CD4004361EB /* DCPathItemButton.m in Sources */ = {isa = PBXBuildFile; fileRef = BAA69CF01C6D1CD4004361EB /* DCPathItemButton.m */; };
		BAA69CF71C6D1CD4004361EB /* bloom.caf in Resources */ = {isa = PBXBuildFile; fileRef = BAA69CF21C6D1CD4004361EB /* bloom.caf */; };
		BAA69CF81C6D1CD4004361EB /* fold.caf in Resources */ = {isa = PBXBuildFile; fileRef = BAA69CF31C6D1CD4004361EB /* fold.caf */; };
		BAA69CF91C6D1CD4004361EB /* selected.caf in Resources */ = {isa = PBXBuildFile; fileRef = BAA69CF41C6D1CD4004361EB /* selected.caf */; };
		C04DAB4FE24C776EAE79F7DE /* Pods_thriftify.framework in Frameworks */ = {isa = PBXBuildFile; fileRef = F93CD6BDD8FF16BF27E591F9 /* Pods_thriftify.framework */; };
		F5017243C24F604F6BA69EEF /* Pods_thriftifyTests.framework in Frameworks */ = {isa = PBXBuildFile; fileRef = 070945EF9A8B4F24C7382131 /* Pods_thriftifyTests.framework */; };
/* End PBXBuildFile section */

/* Begin PBXContainerItemProxy section */
		672C19AC1C47D1EF00A9744F /* PBXContainerItemProxy */ = {
			isa = PBXContainerItemProxy;
			containerPortal = 672C198C1C47D1EF00A9744F /* Project object */;
			proxyType = 1;
			remoteGlobalIDString = 672C19931C47D1EF00A9744F;
			remoteInfo = thriftify;
		};
		672C19B71C47D1EF00A9744F /* PBXContainerItemProxy */ = {
			isa = PBXContainerItemProxy;
			containerPortal = 672C198C1C47D1EF00A9744F /* Project object */;
			proxyType = 1;
			remoteGlobalIDString = 672C19931C47D1EF00A9744F;
			remoteInfo = thriftify;
		};
/* End PBXContainerItemProxy section */

/* Begin PBXFileReference section */
		070945EF9A8B4F24C7382131 /* Pods_thriftifyTests.framework */ = {isa = PBXFileReference; explicitFileType = wrapper.framework; includeInIndex = 0; path = Pods_thriftifyTests.framework; sourceTree = BUILT_PRODUCTS_DIR; };
		1E0C084722DD8AB7E72BEC67 /* Pods_thriftifyUITests.framework */ = {isa = PBXFileReference; explicitFileType = wrapper.framework; includeInIndex = 0; path = Pods_thriftifyUITests.framework; sourceTree = BUILT_PRODUCTS_DIR; };
		672C19941C47D1EF00A9744F /* thriftify.app */ = {isa = PBXFileReference; explicitFileType = wrapper.application; includeInIndex = 0; path = thriftify.app; sourceTree = BUILT_PRODUCTS_DIR; };
		672C19971C47D1EF00A9744F /* AppDelegate.swift */ = {isa = PBXFileReference; lastKnownFileType = sourcecode.swift; path = AppDelegate.swift; sourceTree = "<group>"; };
		672C19991C47D1EF00A9744F /* TFTransactionsViewController.swift */ = {isa = PBXFileReference; lastKnownFileType = sourcecode.swift; path = TFTransactionsViewController.swift; sourceTree = "<group>"; };
		672C199C1C47D1EF00A9744F /* Base */ = {isa = PBXFileReference; lastKnownFileType = file.storyboard; name = Base; path = Base.lproj/Main.storyboard; sourceTree = "<group>"; };
		672C199F1C47D1EF00A9744F /* thriftify.xcdatamodel */ = {isa = PBXFileReference; lastKnownFileType = wrapper.xcdatamodel; path = thriftify.xcdatamodel; sourceTree = "<group>"; };
		672C19A11C47D1EF00A9744F /* Assets.xcassets */ = {isa = PBXFileReference; lastKnownFileType = folder.assetcatalog; path = Assets.xcassets; sourceTree = "<group>"; };
		672C19A41C47D1EF00A9744F /* Base */ = {isa = PBXFileReference; lastKnownFileType = file.storyboard; name = Base; path = Base.lproj/LaunchScreen.storyboard; sourceTree = "<group>"; };
		672C19A61C47D1EF00A9744F /* Info.plist */ = {isa = PBXFileReference; lastKnownFileType = text.plist.xml; path = Info.plist; sourceTree = "<group>"; };
		672C19AB1C47D1EF00A9744F /* thriftifyTests.xctest */ = {isa = PBXFileReference; explicitFileType = wrapper.cfbundle; includeInIndex = 0; path = thriftifyTests.xctest; sourceTree = BUILT_PRODUCTS_DIR; };
		672C19AF1C47D1EF00A9744F /* thriftifyTests.swift */ = {isa = PBXFileReference; lastKnownFileType = sourcecode.swift; path = thriftifyTests.swift; sourceTree = "<group>"; };
		672C19B11C47D1EF00A9744F /* Info.plist */ = {isa = PBXFileReference; lastKnownFileType = text.plist.xml; path = Info.plist; sourceTree = "<group>"; };
		672C19B61C47D1EF00A9744F /* thriftifyUITests.xctest */ = {isa = PBXFileReference; explicitFileType = wrapper.cfbundle; includeInIndex = 0; path = thriftifyUITests.xctest; sourceTree = BUILT_PRODUCTS_DIR; };
		672C19BA1C47D1EF00A9744F /* thriftifyUITests.swift */ = {isa = PBXFileReference; lastKnownFileType = sourcecode.swift; path = thriftifyUITests.swift; sourceTree = "<group>"; };
		672C19BC1C47D1EF00A9744F /* Info.plist */ = {isa = PBXFileReference; lastKnownFileType = text.plist.xml; path = Info.plist; sourceTree = "<group>"; };
		672C19CE1C47E19C00A9744F /* Fabric.framework */ = {isa = PBXFileReference; lastKnownFileType = wrapper.framework; path = Fabric.framework; sourceTree = "<group>"; };
		672C19CF1C47E19C00A9744F /* Crashlytics.framework */ = {isa = PBXFileReference; lastKnownFileType = wrapper.framework; path = Crashlytics.framework; sourceTree = "<group>"; };
		672C19F21C4C2FFC00A9744F /* TransactionTableViewCell.swift */ = {isa = PBXFileReference; fileEncoding = 4; lastKnownFileType = sourcecode.swift; name = TransactionTableViewCell.swift; path = Controllers/Transactions/TransactionTableViewCell.swift; sourceTree = "<group>"; };
		672C19F51C4ED28400A9744F /* TFCategory.generated.swift */ = {isa = PBXFileReference; fileEncoding = 4; lastKnownFileType = sourcecode.swift; path = TFCategory.generated.swift; sourceTree = "<group>"; };
		672C19F61C4ED28400A9744F /* TFCategory.swift */ = {isa = PBXFileReference; fileEncoding = 4; lastKnownFileType = sourcecode.swift; name = TFCategory.swift; path = Model/coredata_ACDGen/TFCategory.swift; sourceTree = "<group>"; };
		672C19F71C4ED28400A9744F /* TFCurrency.generated.swift */ = {isa = PBXFileReference; fileEncoding = 4; lastKnownFileType = sourcecode.swift; path = TFCurrency.generated.swift; sourceTree = "<group>"; };
		672C19F81C4ED28400A9744F /* TFCurrency.swift */ = {isa = PBXFileReference; fileEncoding = 4; lastKnownFileType = sourcecode.swift; name = TFCurrency.swift; path = Model/coredata_ACDGen/TFCurrency.swift; sourceTree = "<group>"; };
		672C19F91C4ED28400A9744F /* TFRecipient.generated.swift */ = {isa = PBXFileReference; fileEncoding = 4; lastKnownFileType = sourcecode.swift; path = TFRecipient.generated.swift; sourceTree = "<group>"; };
		672C19FA1C4ED28400A9744F /* TFRecipient.swift */ = {isa = PBXFileReference; fileEncoding = 4; lastKnownFileType = sourcecode.swift; name = TFRecipient.swift; path = Model/coredata_ACDGen/TFRecipient.swift; sourceTree = "<group>"; };
		672C19FB1C4ED28400A9744F /* TFTransaction.generated.swift */ = {isa = PBXFileReference; fileEncoding = 4; lastKnownFileType = sourcecode.swift; path = TFTransaction.generated.swift; sourceTree = "<group>"; };
		672C19FC1C4ED28400A9744F /* TFTransaction.swift */ = {isa = PBXFileReference; fileEncoding = 4; lastKnownFileType = sourcecode.swift; name = TFTransaction.swift; path = Model/coredata_ACDGen/TFTransaction.swift; sourceTree = "<group>"; };
		672C1A451C50EB5F00A9744F /* TFCoredataManager.swift */ = {isa = PBXFileReference; fileEncoding = 4; lastKnownFileType = sourcecode.swift; name = TFCoredataManager.swift; path = Model/Managers/TFCoredataManager.swift; sourceTree = "<group>"; };
		672C1A471C51037B00A9744F /* TFCard.generated.swift */ = {isa = PBXFileReference; fileEncoding = 4; lastKnownFileType = sourcecode.swift; path = TFCard.generated.swift; sourceTree = "<group>"; };
		672C1A491C51038300A9744F /* TFCard.swift */ = {isa = PBXFileReference; fileEncoding = 4; lastKnownFileType = sourcecode.swift; name = TFCard.swift; path = Model/coredata_ACDGen/TFCard.swift; sourceTree = "<group>"; };
		672C1A4B1C5104DD00A9744F /* TFServerManager.swift */ = {isa = PBXFileReference; fileEncoding = 4; lastKnownFileType = sourcecode.swift; name = TFServerManager.swift; path = Model/Managers/TFServerManager.swift; sourceTree = "<group>"; };
		672C1A4D1C5259A800A9744F /* TransactionsAbvancedViewController.swift */ = {isa = PBXFileReference; fileEncoding = 4; lastKnownFileType = sourcecode.swift; name = TransactionsAbvancedViewController.swift; path = Controllers/TransactionsAbvancedViewController.swift; sourceTree = "<group>"; };
		674739971C608EDF00635799 /* TFAppAppearance.swift */ = {isa = PBXFileReference; fileEncoding = 4; lastKnownFileType = sourcecode.swift; name = TFAppAppearance.swift; path = Controllers/TFAppAppearance.swift; sourceTree = "<group>"; };
		674739991C60ADFA00635799 /* MonthCategoryCell.swift */ = {isa = PBXFileReference; fileEncoding = 4; lastKnownFileType = sourcecode.swift; name = MonthCategoryCell.swift; path = Controllers/Transactions/MonthCategoryCell.swift; sourceTree = "<group>"; };
		6D215B49804C690600AB4CAE /* Pods-thriftifyTests.release.xcconfig */ = {isa = PBXFileReference; includeInIndex = 1; lastKnownFileType = text.xcconfig; name = "Pods-thriftifyTests.release.xcconfig"; path = "Pods/Target Support Files/Pods-thriftifyTests/Pods-thriftifyTests.release.xcconfig"; sourceTree = "<group>"; };
		9486169A3CA51346B701A3FD /* Pods-thriftifyUITests.debug.xcconfig */ = {isa = PBXFileReference; includeInIndex = 1; lastKnownFileType = text.xcconfig; name = "Pods-thriftifyUITests.debug.xcconfig"; path = "Pods/Target Support Files/Pods-thriftifyUITests/Pods-thriftifyUITests.debug.xcconfig"; sourceTree = "<group>"; };
		A9B4BE6E5C685F5F2548D191 /* Pods-thriftify.debug.xcconfig */ = {isa = PBXFileReference; includeInIndex = 1; lastKnownFileType = text.xcconfig; name = "Pods-thriftify.debug.xcconfig"; path = "Pods/Target Support Files/Pods-thriftify/Pods-thriftify.debug.xcconfig"; sourceTree = "<group>"; };
		BA0001C11C6E15FC0019977F /* thriftify-Bridging-Header.h */ = {isa = PBXFileReference; lastKnownFileType = sourcecode.c.h; path = "thriftify-Bridging-Header.h"; sourceTree = "<group>"; };
		BAA69CED1C6D1CD4004361EB /* DCPathButton.h */ = {isa = PBXFileReference; fileEncoding = 4; lastKnownFileType = sourcecode.c.h; path = DCPathButton.h; sourceTree = "<group>"; };
		BAA69CEE1C6D1CD4004361EB /* DCPathButton.m */ = {isa = PBXFileReference; fileEncoding = 4; lastKnownFileType = sourcecode.c.objc; path = DCPathButton.m; sourceTree = "<group>"; };
		BAA69CEF1C6D1CD4004361EB /* DCPathItemButton.h */ = {isa = PBXFileReference; fileEncoding = 4; lastKnownFileType = sourcecode.c.h; path = DCPathItemButton.h; sourceTree = "<group>"; };
		BAA69CF01C6D1CD4004361EB /* DCPathItemButton.m */ = {isa = PBXFileReference; fileEncoding = 4; lastKnownFileType = sourcecode.c.objc; path = DCPathItemButton.m; sourceTree = "<group>"; };
		BAA69CF21C6D1CD4004361EB /* bloom.caf */ = {isa = PBXFileReference; lastKnownFileType = file; path = bloom.caf; sourceTree = "<group>"; };
		BAA69CF31C6D1CD4004361EB /* fold.caf */ = {isa = PBXFileReference; lastKnownFileType = file; path = fold.caf; sourceTree = "<group>"; };
		BAA69CF41C6D1CD4004361EB /* selected.caf */ = {isa = PBXFileReference; lastKnownFileType = file; path = selected.caf; sourceTree = "<group>"; };
		BBE49CB92676784337E9DE2B /* Pods-thriftifyTests.debug.xcconfig */ = {isa = PBXFileReference; includeInIndex = 1; lastKnownFileType = text.xcconfig; name = "Pods-thriftifyTests.debug.xcconfig"; path = "Pods/Target Support Files/Pods-thriftifyTests/Pods-thriftifyTests.debug.xcconfig"; sourceTree = "<group>"; };
		D07649A3BBA6E9FD2B1304A3 /* Pods-thriftify.release.xcconfig */ = {isa = PBXFileReference; includeInIndex = 1; lastKnownFileType = text.xcconfig; name = "Pods-thriftify.release.xcconfig"; path = "Pods/Target Support Files/Pods-thriftify/Pods-thriftify.release.xcconfig"; sourceTree = "<group>"; };
		E68D0C93A6B4AC30435D1D18 /* Pods-thriftifyUITests.release.xcconfig */ = {isa = PBXFileReference; includeInIndex = 1; lastKnownFileType = text.xcconfig; name = "Pods-thriftifyUITests.release.xcconfig"; path = "Pods/Target Support Files/Pods-thriftifyUITests/Pods-thriftifyUITests.release.xcconfig"; sourceTree = "<group>"; };
		F93CD6BDD8FF16BF27E591F9 /* Pods_thriftify.framework */ = {isa = PBXFileReference; explicitFileType = wrapper.framework; includeInIndex = 0; path = Pods_thriftify.framework; sourceTree = BUILT_PRODUCTS_DIR; };
/* End PBXFileReference section */

/* Begin PBXFrameworksBuildPhase section */
		672C19911C47D1EF00A9744F /* Frameworks */ = {
			isa = PBXFrameworksBuildPhase;
			buildActionMask = 2147483647;
			files = (
				672C19D11C47E19C00A9744F /* Crashlytics.framework in Frameworks */,
				672C19D01C47E19C00A9744F /* Fabric.framework in Frameworks */,
				C04DAB4FE24C776EAE79F7DE /* Pods_thriftify.framework in Frameworks */,
			);
			runOnlyForDeploymentPostprocessing = 0;
		};
		672C19A81C47D1EF00A9744F /* Frameworks */ = {
			isa = PBXFrameworksBuildPhase;
			buildActionMask = 2147483647;
			files = (
				F5017243C24F604F6BA69EEF /* Pods_thriftifyTests.framework in Frameworks */,
			);
			runOnlyForDeploymentPostprocessing = 0;
		};
		672C19B31C47D1EF00A9744F /* Frameworks */ = {
			isa = PBXFrameworksBuildPhase;
			buildActionMask = 2147483647;
			files = (
				54D809AA1C3BD72590588DD4 /* Pods_thriftifyUITests.framework in Frameworks */,
			);
			runOnlyForDeploymentPostprocessing = 0;
		};
/* End PBXFrameworksBuildPhase section */

/* Begin PBXGroup section */
		0D290B4A8FF42CAA5286CAE3 /* Pods */ = {
			isa = PBXGroup;
			children = (
				A9B4BE6E5C685F5F2548D191 /* Pods-thriftify.debug.xcconfig */,
				D07649A3BBA6E9FD2B1304A3 /* Pods-thriftify.release.xcconfig */,
				BBE49CB92676784337E9DE2B /* Pods-thriftifyTests.debug.xcconfig */,
				6D215B49804C690600AB4CAE /* Pods-thriftifyTests.release.xcconfig */,
				9486169A3CA51346B701A3FD /* Pods-thriftifyUITests.debug.xcconfig */,
				E68D0C93A6B4AC30435D1D18 /* Pods-thriftifyUITests.release.xcconfig */,
			);
			name = Pods;
			sourceTree = "<group>";
		};
		672C198B1C47D1EF00A9744F = {
			isa = PBXGroup;
			children = (
				672C19961C47D1EF00A9744F /* thriftify */,
				672C19AE1C47D1EF00A9744F /* thriftifyTests */,
				672C19B91C47D1EF00A9744F /* thriftifyUITests */,
				672C19951C47D1EF00A9744F /* Products */,
				E98AB21575D9C51ACF575357 /* Frameworks */,
				0D290B4A8FF42CAA5286CAE3 /* Pods */,
			);
			sourceTree = "<group>";
		};
		672C19951C47D1EF00A9744F /* Products */ = {
			isa = PBXGroup;
			children = (
				672C19941C47D1EF00A9744F /* thriftify.app */,
				672C19AB1C47D1EF00A9744F /* thriftifyTests.xctest */,
				672C19B61C47D1EF00A9744F /* thriftifyUITests.xctest */,
			);
			name = Products;
			sourceTree = "<group>";
		};
		672C19961C47D1EF00A9744F /* thriftify */ = {
			isa = PBXGroup;
			children = (
				672C19CA1C47D23700A9744F /* Controllers */,
				672C19C91C47D23200A9744F /* View */,
				672C19C81C47D22A00A9744F /* Model */,
				BAA69CEA1C6D1C7E004361EB /* Utils */,
				672C19CB1C47D24C00A9744F /* Supporting files */,
			);
			path = thriftify;
			sourceTree = "<group>";
		};
		672C19AE1C47D1EF00A9744F /* thriftifyTests */ = {
			isa = PBXGroup;
			children = (
				672C19AF1C47D1EF00A9744F /* thriftifyTests.swift */,
				672C19B11C47D1EF00A9744F /* Info.plist */,
			);
			path = thriftifyTests;
			sourceTree = "<group>";
		};
		672C19B91C47D1EF00A9744F /* thriftifyUITests */ = {
			isa = PBXGroup;
			children = (
				672C19BA1C47D1EF00A9744F /* thriftifyUITests.swift */,
				672C19BC1C47D1EF00A9744F /* Info.plist */,
			);
			path = thriftifyUITests;
			sourceTree = "<group>";
		};
		672C19C81C47D22A00A9744F /* Model */ = {
			isa = PBXGroup;
			children = (
				672C199E1C47D1EF00A9744F /* thriftify.xcdatamodeld */,
				672C19F41C4ED28400A9744F /* Entities_ACDGen */,
				672C19E41C4846DD00A9744F /* Entities */,
				672C19D21C47E76300A9744F /* Managers */,
			);
			name = Model;
			sourceTree = "<group>";
		};
		672C19C91C47D23200A9744F /* View */ = {
			isa = PBXGroup;
			children = (
				672C199B1C47D1EF00A9744F /* Main.storyboard */,
				672C19A31C47D1EF00A9744F /* LaunchScreen.storyboard */,
			);
			name = View;
			sourceTree = "<group>";
		};
		672C19CA1C47D23700A9744F /* Controllers */ = {
			isa = PBXGroup;
			children = (
				674739971C608EDF00635799 /* TFAppAppearance.swift */,
				672C19991C47D1EF00A9744F /* TFTransactionsViewController.swift */,
				674739991C60ADFA00635799 /* MonthCategoryCell.swift */,
				672C19F21C4C2FFC00A9744F /* TransactionTableViewCell.swift */,
				672C1A4D1C5259A800A9744F /* TransactionsAbvancedViewController.swift */,
			);
			name = Controllers;
			sourceTree = "<group>";
		};
		672C19CB1C47D24C00A9744F /* Supporting files */ = {
			isa = PBXGroup;
			children = (
				BA0001C11C6E15FC0019977F /* thriftify-Bridging-Header.h */,
				672C19971C47D1EF00A9744F /* AppDelegate.swift */,
				672C19A11C47D1EF00A9744F /* Assets.xcassets */,
				672C19A61C47D1EF00A9744F /* Info.plist */,
			);
			name = "Supporting files";
			sourceTree = "<group>";
		};
		672C19D21C47E76300A9744F /* Managers */ = {
			isa = PBXGroup;
			children = (
				672C1A4B1C5104DD00A9744F /* TFServerManager.swift */,
				672C1A451C50EB5F00A9744F /* TFCoredataManager.swift */,
			);
			name = Managers;
			sourceTree = "<group>";
		};
		672C19E41C4846DD00A9744F /* Entities */ = {
			isa = PBXGroup;
			children = (
				672C1A491C51038300A9744F /* TFCard.swift */,
				672C19F61C4ED28400A9744F /* TFCategory.swift */,
				672C19F81C4ED28400A9744F /* TFCurrency.swift */,
				672C19FA1C4ED28400A9744F /* TFRecipient.swift */,
				672C19FC1C4ED28400A9744F /* TFTransaction.swift */,
			);
			name = Entities;
			sourceTree = "<group>";
		};
		672C19F41C4ED28400A9744F /* Entities_ACDGen */ = {
			isa = PBXGroup;
			children = (
				672C1A471C51037B00A9744F /* TFCard.generated.swift */,
				672C19F51C4ED28400A9744F /* TFCategory.generated.swift */,
				672C19F71C4ED28400A9744F /* TFCurrency.generated.swift */,
				672C19F91C4ED28400A9744F /* TFRecipient.generated.swift */,
				672C19FB1C4ED28400A9744F /* TFTransaction.generated.swift */,
			);
			name = Entities_ACDGen;
			path = Model/coredata_ACDGen;
			sourceTree = "<group>";
		};
		BAA69CEA1C6D1C7E004361EB /* Utils */ = {
			isa = PBXGroup;
			children = (
				BAA69CEB1C6D1CD4004361EB /* DCPathButton */,
			);
			name = Utils;
			sourceTree = "<group>";
		};
		BAA69CEB1C6D1CD4004361EB /* DCPathButton */ = {
			isa = PBXGroup;
			children = (
				BAA69CEC1C6D1CD4004361EB /* Classes */,
				BAA69CF11C6D1CD4004361EB /* Sounds */,
			);
			path = DCPathButton;
			sourceTree = "<group>";
		};
		BAA69CEC1C6D1CD4004361EB /* Classes */ = {
			isa = PBXGroup;
			children = (
				BAA69CED1C6D1CD4004361EB /* DCPathButton.h */,
				BAA69CEE1C6D1CD4004361EB /* DCPathButton.m */,
				BAA69CEF1C6D1CD4004361EB /* DCPathItemButton.h */,
				BAA69CF01C6D1CD4004361EB /* DCPathItemButton.m */,
			);
			path = Classes;
			sourceTree = "<group>";
		};
		BAA69CF11C6D1CD4004361EB /* Sounds */ = {
			isa = PBXGroup;
			children = (
				BAA69CF21C6D1CD4004361EB /* bloom.caf */,
				BAA69CF31C6D1CD4004361EB /* fold.caf */,
				BAA69CF41C6D1CD4004361EB /* selected.caf */,
			);
			path = Sounds;
			sourceTree = "<group>";
		};
		E98AB21575D9C51ACF575357 /* Frameworks */ = {
			isa = PBXGroup;
			children = (
				672C19CE1C47E19C00A9744F /* Fabric.framework */,
				672C19CF1C47E19C00A9744F /* Crashlytics.framework */,
				F93CD6BDD8FF16BF27E591F9 /* Pods_thriftify.framework */,
				070945EF9A8B4F24C7382131 /* Pods_thriftifyTests.framework */,
				1E0C084722DD8AB7E72BEC67 /* Pods_thriftifyUITests.framework */,
			);
			name = Frameworks;
			sourceTree = "<group>";
		};
/* End PBXGroup section */

/* Begin PBXNativeTarget section */
		672C19931C47D1EF00A9744F /* thriftify */ = {
			isa = PBXNativeTarget;
			buildConfigurationList = 672C19BF1C47D1EF00A9744F /* Build configuration list for PBXNativeTarget "thriftify" */;
			buildPhases = (
				10F8971DAAF82291C03951B6 /* Check Pods Manifest.lock */,
				672C19901C47D1EF00A9744F /* Sources */,
				672C19911C47D1EF00A9744F /* Frameworks */,
				672C19921C47D1EF00A9744F /* Resources */,
				672C19CD1C47E15700A9744F /* ShellScript */,
				024D82A8659CA6B7B450BB4F /* Embed Pods Frameworks */,
				D0CF6FC863AEFE3F7E556875 /* Copy Pods Resources */,
			);
			buildRules = (
			);
			dependencies = (
			);
			name = thriftify;
			productName = thriftify;
			productReference = 672C19941C47D1EF00A9744F /* thriftify.app */;
			productType = "com.apple.product-type.application";
		};
		672C19AA1C47D1EF00A9744F /* thriftifyTests */ = {
			isa = PBXNativeTarget;
			buildConfigurationList = 672C19C21C47D1EF00A9744F /* Build configuration list for PBXNativeTarget "thriftifyTests" */;
			buildPhases = (
				2F6DEFD78C9A2B2667CDA8EA /* Check Pods Manifest.lock */,
				672C19A71C47D1EF00A9744F /* Sources */,
				672C19A81C47D1EF00A9744F /* Frameworks */,
				672C19A91C47D1EF00A9744F /* Resources */,
				F094230A689E17A94F620F48 /* Embed Pods Frameworks */,
				90779BF4A22D61EC6B4101CC /* Copy Pods Resources */,
			);
			buildRules = (
			);
			dependencies = (
				672C19AD1C47D1EF00A9744F /* PBXTargetDependency */,
			);
			name = thriftifyTests;
			productName = thriftifyTests;
			productReference = 672C19AB1C47D1EF00A9744F /* thriftifyTests.xctest */;
			productType = "com.apple.product-type.bundle.unit-test";
		};
		672C19B51C47D1EF00A9744F /* thriftifyUITests */ = {
			isa = PBXNativeTarget;
			buildConfigurationList = 672C19C51C47D1EF00A9744F /* Build configuration list for PBXNativeTarget "thriftifyUITests" */;
			buildPhases = (
				7886065B096491486F29138D /* Check Pods Manifest.lock */,
				672C19B21C47D1EF00A9744F /* Sources */,
				672C19B31C47D1EF00A9744F /* Frameworks */,
				672C19B41C47D1EF00A9744F /* Resources */,
				F47BF710F7479E44D6D0C28C /* Copy Pods Resources */,
			);
			buildRules = (
			);
			dependencies = (
				672C19B81C47D1EF00A9744F /* PBXTargetDependency */,
			);
			name = thriftifyUITests;
			productName = thriftifyUITests;
			productReference = 672C19B61C47D1EF00A9744F /* thriftifyUITests.xctest */;
			productType = "com.apple.product-type.bundle.ui-testing";
		};
/* End PBXNativeTarget section */

/* Begin PBXProject section */
		672C198C1C47D1EF00A9744F /* Project object */ = {
			isa = PBXProject;
			attributes = {
				LastSwiftUpdateCheck = 0720;
				LastUpgradeCheck = 0720;
				ORGANIZATIONNAME = vt;
				TargetAttributes = {
					672C19931C47D1EF00A9744F = {
						CreatedOnToolsVersion = 7.2;
					};
					672C19AA1C47D1EF00A9744F = {
						CreatedOnToolsVersion = 7.2;
						TestTargetID = 672C19931C47D1EF00A9744F;
					};
					672C19B51C47D1EF00A9744F = {
						CreatedOnToolsVersion = 7.2;
						TestTargetID = 672C19931C47D1EF00A9744F;
					};
				};
			};
			buildConfigurationList = 672C198F1C47D1EF00A9744F /* Build configuration list for PBXProject "thriftify" */;
			compatibilityVersion = "Xcode 3.2";
			developmentRegion = English;
			hasScannedForEncodings = 0;
			knownRegions = (
				en,
				Base,
			);
			mainGroup = 672C198B1C47D1EF00A9744F;
			productRefGroup = 672C19951C47D1EF00A9744F /* Products */;
			projectDirPath = "";
			projectRoot = "";
			targets = (
				672C19931C47D1EF00A9744F /* thriftify */,
				672C19AA1C47D1EF00A9744F /* thriftifyTests */,
				672C19B51C47D1EF00A9744F /* thriftifyUITests */,
			);
		};
/* End PBXProject section */

/* Begin PBXResourcesBuildPhase section */
		672C19921C47D1EF00A9744F /* Resources */ = {
			isa = PBXResourcesBuildPhase;
			buildActionMask = 2147483647;
			files = (
				672C19A51C47D1EF00A9744F /* LaunchScreen.storyboard in Resources */,
				BAA69CF91C6D1CD4004361EB /* selected.caf in Resources */,
				672C19A21C47D1EF00A9744F /* Assets.xcassets in Resources */,
				BAA69CF71C6D1CD4004361EB /* bloom.caf in Resources */,
				BAA69CF81C6D1CD4004361EB /* fold.caf in Resources */,
				672C199D1C47D1EF00A9744F /* Main.storyboard in Resources */,
			);
			runOnlyForDeploymentPostprocessing = 0;
		};
		672C19A91C47D1EF00A9744F /* Resources */ = {
			isa = PBXResourcesBuildPhase;
			buildActionMask = 2147483647;
			files = (
			);
			runOnlyForDeploymentPostprocessing = 0;
		};
		672C19B41C47D1EF00A9744F /* Resources */ = {
			isa = PBXResourcesBuildPhase;
			buildActionMask = 2147483647;
			files = (
			);
			runOnlyForDeploymentPostprocessing = 0;
		};
/* End PBXResourcesBuildPhase section */

/* Begin PBXShellScriptBuildPhase section */
		024D82A8659CA6B7B450BB4F /* Embed Pods Frameworks */ = {
			isa = PBXShellScriptBuildPhase;
			buildActionMask = 2147483647;
			files = (
			);
			inputPaths = (
			);
			name = "Embed Pods Frameworks";
			outputPaths = (
			);
			runOnlyForDeploymentPostprocessing = 0;
			shellPath = /bin/sh;
			shellScript = "\"${SRCROOT}/Pods/Target Support Files/Pods-thriftify/Pods-thriftify-frameworks.sh\"\n";
			showEnvVarsInLog = 0;
		};
		10F8971DAAF82291C03951B6 /* Check Pods Manifest.lock */ = {
			isa = PBXShellScriptBuildPhase;
			buildActionMask = 2147483647;
			files = (
			);
			inputPaths = (
			);
			name = "Check Pods Manifest.lock";
			outputPaths = (
			);
			runOnlyForDeploymentPostprocessing = 0;
			shellPath = /bin/sh;
			shellScript = "diff \"${PODS_ROOT}/../Podfile.lock\" \"${PODS_ROOT}/Manifest.lock\" > /dev/null\nif [[ $? != 0 ]] ; then\n    cat << EOM\nerror: The sandbox is not in sync with the Podfile.lock. Run 'pod install' or update your CocoaPods installation.\nEOM\n    exit 1\nfi\n";
			showEnvVarsInLog = 0;
		};
		2F6DEFD78C9A2B2667CDA8EA /* Check Pods Manifest.lock */ = {
			isa = PBXShellScriptBuildPhase;
			buildActionMask = 2147483647;
			files = (
			);
			inputPaths = (
			);
			name = "Check Pods Manifest.lock";
			outputPaths = (
			);
			runOnlyForDeploymentPostprocessing = 0;
			shellPath = /bin/sh;
			shellScript = "diff \"${PODS_ROOT}/../Podfile.lock\" \"${PODS_ROOT}/Manifest.lock\" > /dev/null\nif [[ $? != 0 ]] ; then\n    cat << EOM\nerror: The sandbox is not in sync with the Podfile.lock. Run 'pod install' or update your CocoaPods installation.\nEOM\n    exit 1\nfi\n";
			showEnvVarsInLog = 0;
		};
		672C19CD1C47E15700A9744F /* ShellScript */ = {
			isa = PBXShellScriptBuildPhase;
			buildActionMask = 2147483647;
			files = (
			);
			inputPaths = (
			);
			outputPaths = (
			);
			runOnlyForDeploymentPostprocessing = 0;
			shellPath = /bin/sh;
			shellScript = "./Fabric.framework/run 41a6cbd8378b9bb0c89fd995522b18ff4e7647ab 87b71f3a13645c1943457bb116588ef11964d79cd53350718013efa6fd0817d4";
		};
		7886065B096491486F29138D /* Check Pods Manifest.lock */ = {
			isa = PBXShellScriptBuildPhase;
			buildActionMask = 2147483647;
			files = (
			);
			inputPaths = (
			);
			name = "Check Pods Manifest.lock";
			outputPaths = (
			);
			runOnlyForDeploymentPostprocessing = 0;
			shellPath = /bin/sh;
			shellScript = "diff \"${PODS_ROOT}/../Podfile.lock\" \"${PODS_ROOT}/Manifest.lock\" > /dev/null\nif [[ $? != 0 ]] ; then\n    cat << EOM\nerror: The sandbox is not in sync with the Podfile.lock. Run 'pod install' or update your CocoaPods installation.\nEOM\n    exit 1\nfi\n";
			showEnvVarsInLog = 0;
		};
		90779BF4A22D61EC6B4101CC /* Copy Pods Resources */ = {
			isa = PBXShellScriptBuildPhase;
			buildActionMask = 2147483647;
			files = (
			);
			inputPaths = (
			);
			name = "Copy Pods Resources";
			outputPaths = (
			);
			runOnlyForDeploymentPostprocessing = 0;
			shellPath = /bin/sh;
			shellScript = "\"${SRCROOT}/Pods/Target Support Files/Pods-thriftifyTests/Pods-thriftifyTests-resources.sh\"\n";
			showEnvVarsInLog = 0;
		};
		D0CF6FC863AEFE3F7E556875 /* Copy Pods Resources */ = {
			isa = PBXShellScriptBuildPhase;
			buildActionMask = 2147483647;
			files = (
			);
			inputPaths = (
			);
			name = "Copy Pods Resources";
			outputPaths = (
			);
			runOnlyForDeploymentPostprocessing = 0;
			shellPath = /bin/sh;
			shellScript = "\"${SRCROOT}/Pods/Target Support Files/Pods-thriftify/Pods-thriftify-resources.sh\"\n";
			showEnvVarsInLog = 0;
		};
		F094230A689E17A94F620F48 /* Embed Pods Frameworks */ = {
			isa = PBXShellScriptBuildPhase;
			buildActionMask = 2147483647;
			files = (
			);
			inputPaths = (
			);
			name = "Embed Pods Frameworks";
			outputPaths = (
			);
			runOnlyForDeploymentPostprocessing = 0;
			shellPath = /bin/sh;
			shellScript = "\"${SRCROOT}/Pods/Target Support Files/Pods-thriftifyTests/Pods-thriftifyTests-frameworks.sh\"\n";
			showEnvVarsInLog = 0;
		};
		F47BF710F7479E44D6D0C28C /* Copy Pods Resources */ = {
			isa = PBXShellScriptBuildPhase;
			buildActionMask = 2147483647;
			files = (
			);
			inputPaths = (
			);
			name = "Copy Pods Resources";
			outputPaths = (
			);
			runOnlyForDeploymentPostprocessing = 0;
			shellPath = /bin/sh;
			shellScript = "\"${SRCROOT}/Pods/Target Support Files/Pods-thriftifyUITests/Pods-thriftifyUITests-resources.sh\"\n";
			showEnvVarsInLog = 0;
		};
/* End PBXShellScriptBuildPhase section */

/* Begin PBXSourcesBuildPhase section */
		672C19901C47D1EF00A9744F /* Sources */ = {
			isa = PBXSourcesBuildPhase;
			buildActionMask = 2147483647;
			files = (
				672C1A461C50EB5F00A9744F /* TFCoredataManager.swift in Sources */,
				672C19FE1C4ED28400A9744F /* TFCategory.swift in Sources */,
				672C199A1C47D1EF00A9744F /* TFTransactionsViewController.swift in Sources */,
				672C1A031C4ED28400A9744F /* TFTransaction.generated.swift in Sources */,
				6747399A1C60ADFA00635799 /* MonthCategoryCell.swift in Sources */,
				672C1A021C4ED28400A9744F /* TFRecipient.swift in Sources */,
				672C19FD1C4ED28400A9744F /* TFCategory.generated.swift in Sources */,
				BAA69CF61C6D1CD4004361EB /* DCPathItemButton.m in Sources */,
				672C19F31C4C2FFC00A9744F /* TransactionTableViewCell.swift in Sources */,
				672C1A481C51037B00A9744F /* TFCard.generated.swift in Sources */,
				672C1A011C4ED28400A9744F /* TFRecipient.generated.swift in Sources */,
				672C1A001C4ED28400A9744F /* TFCurrency.swift in Sources */,
				672C1A4A1C51038300A9744F /* TFCard.swift in Sources */,
				674739981C608EDF00635799 /* TFAppAppearance.swift in Sources */,
				BAA69CF51C6D1CD4004361EB /* DCPathButton.m in Sources */,
				672C1A041C4ED28400A9744F /* TFTransaction.swift in Sources */,
				672C1A4C1C5104DD00A9744F /* TFServerManager.swift in Sources */,
				672C19981C47D1EF00A9744F /* AppDelegate.swift in Sources */,
				672C19A01C47D1EF00A9744F /* thriftify.xcdatamodeld in Sources */,
				672C1A4E1C5259A800A9744F /* TransactionsAbvancedViewController.swift in Sources */,
				672C19FF1C4ED28400A9744F /* TFCurrency.generated.swift in Sources */,
			);
			runOnlyForDeploymentPostprocessing = 0;
		};
		672C19A71C47D1EF00A9744F /* Sources */ = {
			isa = PBXSourcesBuildPhase;
			buildActionMask = 2147483647;
			files = (
				672C19B01C47D1EF00A9744F /* thriftifyTests.swift in Sources */,
			);
			runOnlyForDeploymentPostprocessing = 0;
		};
		672C19B21C47D1EF00A9744F /* Sources */ = {
			isa = PBXSourcesBuildPhase;
			buildActionMask = 2147483647;
			files = (
				672C19BB1C47D1EF00A9744F /* thriftifyUITests.swift in Sources */,
			);
			runOnlyForDeploymentPostprocessing = 0;
		};
/* End PBXSourcesBuildPhase section */

/* Begin PBXTargetDependency section */
		672C19AD1C47D1EF00A9744F /* PBXTargetDependency */ = {
			isa = PBXTargetDependency;
			target = 672C19931C47D1EF00A9744F /* thriftify */;
			targetProxy = 672C19AC1C47D1EF00A9744F /* PBXContainerItemProxy */;
		};
		672C19B81C47D1EF00A9744F /* PBXTargetDependency */ = {
			isa = PBXTargetDependency;
			target = 672C19931C47D1EF00A9744F /* thriftify */;
			targetProxy = 672C19B71C47D1EF00A9744F /* PBXContainerItemProxy */;
		};
/* End PBXTargetDependency section */

/* Begin PBXVariantGroup section */
		672C199B1C47D1EF00A9744F /* Main.storyboard */ = {
			isa = PBXVariantGroup;
			children = (
				672C199C1C47D1EF00A9744F /* Base */,
			);
			name = Main.storyboard;
			sourceTree = "<group>";
		};
		672C19A31C47D1EF00A9744F /* LaunchScreen.storyboard */ = {
			isa = PBXVariantGroup;
			children = (
				672C19A41C47D1EF00A9744F /* Base */,
			);
			name = LaunchScreen.storyboard;
			sourceTree = "<group>";
		};
/* End PBXVariantGroup section */

/* Begin XCBuildConfiguration section */
		672C19BD1C47D1EF00A9744F /* Debug */ = {
			isa = XCBuildConfiguration;
			buildSettings = {
				ALWAYS_SEARCH_USER_PATHS = NO;
				CLANG_CXX_LANGUAGE_STANDARD = "gnu++0x";
				CLANG_CXX_LIBRARY = "libc++";
				CLANG_ENABLE_MODULES = YES;
				CLANG_ENABLE_OBJC_ARC = YES;
				CLANG_WARN_BOOL_CONVERSION = YES;
				CLANG_WARN_CONSTANT_CONVERSION = YES;
				CLANG_WARN_DIRECT_OBJC_ISA_USAGE = YES_ERROR;
				CLANG_WARN_EMPTY_BODY = YES;
				CLANG_WARN_ENUM_CONVERSION = YES;
				CLANG_WARN_INT_CONVERSION = YES;
				CLANG_WARN_OBJC_ROOT_CLASS = YES_ERROR;
				CLANG_WARN_UNREACHABLE_CODE = YES;
				CLANG_WARN__DUPLICATE_METHOD_MATCH = YES;
				"CODE_SIGN_IDENTITY[sdk=iphoneos*]" = "iPhone Developer";
				COPY_PHASE_STRIP = NO;
				DEBUG_INFORMATION_FORMAT = dwarf;
				ENABLE_STRICT_OBJC_MSGSEND = YES;
				ENABLE_TESTABILITY = YES;
				GCC_C_LANGUAGE_STANDARD = gnu99;
				GCC_DYNAMIC_NO_PIC = NO;
				GCC_NO_COMMON_BLOCKS = YES;
				GCC_OPTIMIZATION_LEVEL = 0;
				GCC_PREPROCESSOR_DEFINITIONS = (
					"DEBUG=1",
					"$(inherited)",
				);
				GCC_WARN_64_TO_32_BIT_CONVERSION = YES;
				GCC_WARN_ABOUT_RETURN_TYPE = YES_ERROR;
				GCC_WARN_UNDECLARED_SELECTOR = YES;
				GCC_WARN_UNINITIALIZED_AUTOS = YES_AGGRESSIVE;
				GCC_WARN_UNUSED_FUNCTION = YES;
				GCC_WARN_UNUSED_VARIABLE = YES;
				IPHONEOS_DEPLOYMENT_TARGET = 8.0;
				MTL_ENABLE_DEBUG_INFO = YES;
				ONLY_ACTIVE_ARCH = YES;
				SDKROOT = iphoneos;
				SWIFT_OPTIMIZATION_LEVEL = "-Onone";
			};
			name = Debug;
		};
		672C19BE1C47D1EF00A9744F /* Release */ = {
			isa = XCBuildConfiguration;
			buildSettings = {
				ALWAYS_SEARCH_USER_PATHS = NO;
				CLANG_CXX_LANGUAGE_STANDARD = "gnu++0x";
				CLANG_CXX_LIBRARY = "libc++";
				CLANG_ENABLE_MODULES = YES;
				CLANG_ENABLE_OBJC_ARC = YES;
				CLANG_WARN_BOOL_CONVERSION = YES;
				CLANG_WARN_CONSTANT_CONVERSION = YES;
				CLANG_WARN_DIRECT_OBJC_ISA_USAGE = YES_ERROR;
				CLANG_WARN_EMPTY_BODY = YES;
				CLANG_WARN_ENUM_CONVERSION = YES;
				CLANG_WARN_INT_CONVERSION = YES;
				CLANG_WARN_OBJC_ROOT_CLASS = YES_ERROR;
				CLANG_WARN_UNREACHABLE_CODE = YES;
				CLANG_WARN__DUPLICATE_METHOD_MATCH = YES;
				"CODE_SIGN_IDENTITY[sdk=iphoneos*]" = "iPhone Developer";
				COPY_PHASE_STRIP = NO;
				DEBUG_INFORMATION_FORMAT = "dwarf-with-dsym";
				ENABLE_NS_ASSERTIONS = NO;
				ENABLE_STRICT_OBJC_MSGSEND = YES;
				GCC_C_LANGUAGE_STANDARD = gnu99;
				GCC_NO_COMMON_BLOCKS = YES;
				GCC_WARN_64_TO_32_BIT_CONVERSION = YES;
				GCC_WARN_ABOUT_RETURN_TYPE = YES_ERROR;
				GCC_WARN_UNDECLARED_SELECTOR = YES;
				GCC_WARN_UNINITIALIZED_AUTOS = YES_AGGRESSIVE;
				GCC_WARN_UNUSED_FUNCTION = YES;
				GCC_WARN_UNUSED_VARIABLE = YES;
				IPHONEOS_DEPLOYMENT_TARGET = 8.0;
				MTL_ENABLE_DEBUG_INFO = NO;
				SDKROOT = iphoneos;
				VALIDATE_PRODUCT = YES;
			};
			name = Release;
		};
		672C19C01C47D1EF00A9744F /* Debug */ = {
			isa = XCBuildConfiguration;
			baseConfigurationReference = A9B4BE6E5C685F5F2548D191 /* Pods-thriftify.debug.xcconfig */;
			buildSettings = {
				ASSETCATALOG_COMPILER_APPICON_NAME = AppIcon;
				CODE_SIGN_IDENTITY = "iPhone Developer";
				DEBUG_INFORMATION_FORMAT = "dwarf-with-dsym";
				EMBEDDED_CONTENT_CONTAINS_SWIFT = "$(inherited)";
				FRAMEWORK_SEARCH_PATHS = (
					"$(inherited)",
					"$(PROJECT_DIR)",
				);
				INFOPLIST_FILE = thriftify/Info.plist;
				LD_RUNPATH_SEARCH_PATHS = "$(inherited) @executable_path/Frameworks";
				PRODUCT_BUNDLE_IDENTIFIER = com.vt.thriftify;
				PRODUCT_NAME = "$(TARGET_NAME)";
				SWIFT_OBJC_BRIDGING_HEADER = "${SRCROOT}/thriftify/thriftify-Bridging-Header.h";
			};
			name = Debug;
		};
		672C19C11C47D1EF00A9744F /* Release */ = {
			isa = XCBuildConfiguration;
			baseConfigurationReference = D07649A3BBA6E9FD2B1304A3 /* Pods-thriftify.release.xcconfig */;
			buildSettings = {
				ASSETCATALOG_COMPILER_APPICON_NAME = AppIcon;
				CODE_SIGN_IDENTITY = "iPhone Developer";
				EMBEDDED_CONTENT_CONTAINS_SWIFT = "$(inherited)";
				FRAMEWORK_SEARCH_PATHS = (
					"$(inherited)",
					"$(PROJECT_DIR)",
				);
				INFOPLIST_FILE = thriftify/Info.plist;
				LD_RUNPATH_SEARCH_PATHS = "$(inherited) @executable_path/Frameworks";
				PRODUCT_BUNDLE_IDENTIFIER = com.vt.thriftify;
				PRODUCT_NAME = "$(TARGET_NAME)";
				SWIFT_OBJC_BRIDGING_HEADER = "${SRCROOT}/thriftify/thriftify-Bridging-Header.h";
			};
			name = Release;
		};
		672C19C31C47D1EF00A9744F /* Debug */ = {
			isa = XCBuildConfiguration;
			baseConfigurationReference = BBE49CB92676784337E9DE2B /* Pods-thriftifyTests.debug.xcconfig */;
			buildSettings = {
				BUNDLE_LOADER = "$(TEST_HOST)";
				INFOPLIST_FILE = thriftifyTests/Info.plist;
				LD_RUNPATH_SEARCH_PATHS = "$(inherited) @executable_path/Frameworks @loader_path/Frameworks";
				PRODUCT_BUNDLE_IDENTIFIER = com.vt.thriftifyTests;
				PRODUCT_NAME = "$(TARGET_NAME)";
				TEST_HOST = "$(BUILT_PRODUCTS_DIR)/thriftify.app/thriftify";
			};
			name = Debug;
		};
		672C19C41C47D1EF00A9744F /* Release */ = {
			isa = XCBuildConfiguration;
			baseConfigurationReference = 6D215B49804C690600AB4CAE /* Pods-thriftifyTests.release.xcconfig */;
			buildSettings = {
				BUNDLE_LOADER = "$(TEST_HOST)";
				INFOPLIST_FILE = thriftifyTests/Info.plist;
				LD_RUNPATH_SEARCH_PATHS = "$(inherited) @executable_path/Frameworks @loader_path/Frameworks";
				PRODUCT_BUNDLE_IDENTIFIER = com.vt.thriftifyTests;
				PRODUCT_NAME = "$(TARGET_NAME)";
				TEST_HOST = "$(BUILT_PRODUCTS_DIR)/thriftify.app/thriftify";
			};
			name = Release;
		};
		672C19C61C47D1EF00A9744F /* Debug */ = {
			isa = XCBuildConfiguration;
			baseConfigurationReference = 9486169A3CA51346B701A3FD /* Pods-thriftifyUITests.debug.xcconfig */;
			buildSettings = {
				INFOPLIST_FILE = thriftifyUITests/Info.plist;
				LD_RUNPATH_SEARCH_PATHS = "$(inherited) @executable_path/Frameworks @loader_path/Frameworks";
				PRODUCT_BUNDLE_IDENTIFIER = com.vt.thriftifyUITests;
				PRODUCT_NAME = "$(TARGET_NAME)";
				TEST_TARGET_NAME = thriftify;
				USES_XCTRUNNER = YES;
			};
			name = Debug;
		};
		672C19C71C47D1EF00A9744F /* Release */ = {
			isa = XCBuildConfiguration;
			baseConfigurationReference = E68D0C93A6B4AC30435D1D18 /* Pods-thriftifyUITests.release.xcconfig */;
			buildSettings = {
				INFOPLIST_FILE = thriftifyUITests/Info.plist;
				LD_RUNPATH_SEARCH_PATHS = "$(inherited) @executable_path/Frameworks @loader_path/Frameworks";
				PRODUCT_BUNDLE_IDENTIFIER = com.vt.thriftifyUITests;
				PRODUCT_NAME = "$(TARGET_NAME)";
				TEST_TARGET_NAME = thriftify;
				USES_XCTRUNNER = YES;
			};
			name = Release;
		};
/* End XCBuildConfiguration section */

/* Begin XCConfigurationList section */
		672C198F1C47D1EF00A9744F /* Build configuration list for PBXProject "thriftify" */ = {
			isa = XCConfigurationList;
			buildConfigurations = (
				672C19BD1C47D1EF00A9744F /* Debug */,
				672C19BE1C47D1EF00A9744F /* Release */,
			);
			defaultConfigurationIsVisible = 0;
			defaultConfigurationName = Release;
		};
		672C19BF1C47D1EF00A9744F /* Build configuration list for PBXNativeTarget "thriftify" */ = {
			isa = XCConfigurationList;
			buildConfigurations = (
				672C19C01C47D1EF00A9744F /* Debug */,
				672C19C11C47D1EF00A9744F /* Release */,
			);
			defaultConfigurationIsVisible = 0;
			defaultConfigurationName = Release;
		};
		672C19C21C47D1EF00A9744F /* Build configuration list for PBXNativeTarget "thriftifyTests" */ = {
			isa = XCConfigurationList;
			buildConfigurations = (
				672C19C31C47D1EF00A9744F /* Debug */,
				672C19C41C47D1EF00A9744F /* Release */,
			);
			defaultConfigurationIsVisible = 0;
			defaultConfigurationName = Release;
		};
		672C19C51C47D1EF00A9744F /* Build configuration list for PBXNativeTarget "thriftifyUITests" */ = {
			isa = XCConfigurationList;
			buildConfigurations = (
				672C19C61C47D1EF00A9744F /* Debug */,
				672C19C71C47D1EF00A9744F /* Release */,
			);
			defaultConfigurationIsVisible = 0;
			defaultConfigurationName = Release;
		};
/* End XCConfigurationList section */

/* Begin XCVersionGroup section */
		672C199E1C47D1EF00A9744F /* thriftify.xcdatamodeld */ = {
			isa = XCVersionGroup;
			children = (
				672C199F1C47D1EF00A9744F /* thriftify.xcdatamodel */,
			);
			currentVersion = 672C199F1C47D1EF00A9744F /* thriftify.xcdatamodel */;
			path = thriftify.xcdatamodeld;
			sourceTree = "<group>";
			versionGroupType = wrapper.xcdatamodel;
		};
/* End XCVersionGroup section */
	};
	rootObject = 672C198C1C47D1EF00A9744F /* Project object */;
}
